
Microsoft Visual Studio Solution File, Format Version 12.00
# Visual Studio Version 16
VisualStudioVersion = 16.0.30717.126
MinimumVisualStudioVersion = 10.0.40219.1
Project("{FAE04EC0-301F-11D3-BF4B-00C04F79EFBC}") = "Liga", "Liga.csproj", "{041BC0C0-9651-4A3F-A2A6-83E5FB697866}"
EndProject
Global
	GlobalSection(SolutionConfigurationPlatforms) = preSolution
		Debug|Any CPU = Debug|Any CPU
		Release|Any CPU = Release|Any CPU
	EndGlobalSection
	GlobalSection(ProjectConfigurationPlatforms) = postSolution
		{041BC0C0-9651-4A3F-A2A6-83E5FB697866}.Debug|Any CPU.ActiveCfg = Debug|Any CPU
		{041BC0C0-9651-4A3F-A2A6-83E5FB697866}.Debug|Any CPU.Build.0 = Debug|Any CPU
		{041BC0C0-9651-4A3F-A2A6-83E5FB697866}.Release|Any CPU.ActiveCfg = Release|Any CPU
		{041BC0C0-9651-4A3F-A2A6-83E5FB697866}.Release|Any CPU.Build.0 = Release|Any CPU
	EndGlobalSection
	GlobalSection(SolutionProperties) = preSolution
		HideSolutionNode = FALSE
	EndGlobalSection
	GlobalSection(ExtensibilityGlobals) = postSolution
		SolutionGuid = {F7F49793-1A3E-4ACB-912D-44E5CC995A10}
	EndGlobalSection
EndGlobal
